
Microsoft Visual Studio Solution File, Format Version 12.00
# Visual Studio Version 16
VisualStudioVersion = 16.0.29215.179
MinimumVisualStudioVersion = 10.0.40219.1
Project("{FAE04EC0-301F-11D3-BF4B-00C04F79EFBC}") = "PruebasMvc", "PruebasMvc\PruebasMvc.csproj", "{5AF6F9C1-70CB-41F5-899A-E73B6C58281E}"
EndProject
Global
	GlobalSection(SolutionConfigurationPlatforms) = preSolution
		Debug|Any CPU = Debug|Any CPU
		Release|Any CPU = Release|Any CPU
	EndGlobalSection
	GlobalSection(ProjectConfigurationPlatforms) = postSolution
		{5AF6F9C1-70CB-41F5-899A-E73B6C58281E}.Debug|Any CPU.ActiveCfg = Debug|Any CPU
		{5AF6F9C1-70CB-41F5-899A-E73B6C58281E}.Debug|Any CPU.Build.0 = Debug|Any CPU
		{5AF6F9C1-70CB-41F5-899A-E73B6C58281E}.Release|Any CPU.ActiveCfg = Release|Any CPU
		{5AF6F9C1-70CB-41F5-899A-E73B6C58281E}.Release|Any CPU.Build.0 = Release|Any CPU
	EndGlobalSection
	GlobalSection(SolutionProperties) = preSolution
		HideSolutionNode = FALSE
	EndGlobalSection
	GlobalSection(ExtensibilityGlobals) = postSolution
		SolutionGuid = {0A6B230C-C611-4DB2-9687-9B48C2AE14FC}
	EndGlobalSection
EndGlobal
